// !$*UTF8*$!
{
	archiveVersion = 1;
	classes = {
	};
	objectVersion = 46;
	objects = {

/* Begin PBXBuildFile section */
		4CF74A1A2D16F0070BF185BC /* Pods_Petral_Example.framework in Frameworks */ = {isa = PBXBuildFile; fileRef = 1AEDD4E3E60EFDD5B01DF3E2 /* Pods_Petral_Example.framework */; };
		607FACD61AFB9204008FA782 /* AppDelegate.swift in Sources */ = {isa = PBXBuildFile; fileRef = 607FACD51AFB9204008FA782 /* AppDelegate.swift */; };
		607FACD81AFB9204008FA782 /* LayoutViewController.swift in Sources */ = {isa = PBXBuildFile; fileRef = 607FACD71AFB9204008FA782 /* LayoutViewController.swift */; };
		607FACDB1AFB9204008FA782 /* Main.storyboard in Resources */ = {isa = PBXBuildFile; fileRef = 607FACD91AFB9204008FA782 /* Main.storyboard */; };
		607FACDD1AFB9204008FA782 /* Images.xcassets in Resources */ = {isa = PBXBuildFile; fileRef = 607FACDC1AFB9204008FA782 /* Images.xcassets */; };
		607FACE01AFB9204008FA782 /* LaunchScreen.xib in Resources */ = {isa = PBXBuildFile; fileRef = 607FACDE1AFB9204008FA782 /* LaunchScreen.xib */; };
		607FACEC1AFB9204008FA782 /* Tests.swift in Sources */ = {isa = PBXBuildFile; fileRef = 607FACEB1AFB9204008FA782 /* Tests.swift */; };
		934ABD3B22CE204200D9392B /* Petral-UI.podspec in Resources */ = {isa = PBXBuildFile; fileRef = 934ABD3A22CE204200D9392B /* Petral-UI.podspec */; };
		934C527822EF0A3200BCA96E /* EmbedFlexViewController.xml in Resources */ = {isa = PBXBuildFile; fileRef = 934C527622EF0A3100BCA96E /* EmbedFlexViewController.xml */; };
		934C527922EF0A3200BCA96E /* EmbedFlexViewController.swift in Sources */ = {isa = PBXBuildFile; fileRef = 934C527722EF0A3100BCA96E /* EmbedFlexViewController.swift */; };
		934C527B22EF163C00BCA96E /* XmlLayoutViewController.swift in Sources */ = {isa = PBXBuildFile; fileRef = 934C527A22EF163C00BCA96E /* XmlLayoutViewController.swift */; };
		934C527D22EF165300BCA96E /* XmlLayoutViewController.xml in Resources */ = {isa = PBXBuildFile; fileRef = 934C527C22EF165300BCA96E /* XmlLayoutViewController.xml */; };
		935262D222EFD6D900C563AA /* InjectXmlLayoutViewController.swift in Sources */ = {isa = PBXBuildFile; fileRef = 935262D022EFD6D900C563AA /* InjectXmlLayoutViewController.swift */; };
		935262D322EFD6D900C563AA /* InjectXmlLayoutViewController.xml in Resources */ = {isa = PBXBuildFile; fileRef = 935262D122EFD6D900C563AA /* InjectXmlLayoutViewController.xml */; };
		935262D522EFD75F00C563AA /* UserProfileView.swift in Sources */ = {isa = PBXBuildFile; fileRef = 935262D422EFD75F00C563AA /* UserProfileView.swift */; };
		935262D722EFD77000C563AA /* UserProfileView.xml in Resources */ = {isa = PBXBuildFile; fileRef = 935262D622EFD77000C563AA /* UserProfileView.xml */; };
		935262DD22F0154000C563AA /* DataListViewController.xml in Resources */ = {isa = PBXBuildFile; fileRef = 935262DB22F0154000C563AA /* DataListViewController.xml */; };
		935262DE22F0154000C563AA /* DataListViewController.swift in Sources */ = {isa = PBXBuildFile; fileRef = 935262DC22F0154000C563AA /* DataListViewController.swift */; };
		935262E222F02FB400C563AA /* DataFlexViewController.swift in Sources */ = {isa = PBXBuildFile; fileRef = 935262E022F02FB400C563AA /* DataFlexViewController.swift */; };
		935262E322F02FB400C563AA /* DataFlexViewController.xml in Resources */ = {isa = PBXBuildFile; fileRef = 935262E122F02FB400C563AA /* DataFlexViewController.xml */; };
		935F4A2922EEA10600066323 /* ViewController.swift in Sources */ = {isa = PBXBuildFile; fileRef = 935F4A2822EEA10600066323 /* ViewController.swift */; };
		935F4A2B22EEA11C00066323 /* ViewController.xml in Resources */ = {isa = PBXBuildFile; fileRef = 935F4A2A22EEA11C00066323 /* ViewController.xml */; };
		936C907A22DC358700C800D3 /* MyTableViewController.swift in Sources */ = {isa = PBXBuildFile; fileRef = 936C907922DC358700C800D3 /* MyTableViewController.swift */; };
		936C907C22DC360D00C800D3 /* MyTableView.swift in Sources */ = {isa = PBXBuildFile; fileRef = 936C907B22DC360D00C800D3 /* MyTableView.swift */; };
		936C907E22DC37FD00C800D3 /* MyTableViewCell.xml in Resources */ = {isa = PBXBuildFile; fileRef = 936C907D22DC37FD00C800D3 /* MyTableViewCell.xml */; };
		936C908022DC516000C800D3 /* MyTableViewController.xml in Resources */ = {isa = PBXBuildFile; fileRef = 936C907F22DC516000C800D3 /* MyTableViewController.xml */; };
		9385558722D6D07B00C1AB0C /* XmlViewController.swift in Sources */ = {isa = PBXBuildFile; fileRef = 9385558622D6D07B00C1AB0C /* XmlViewController.swift */; };
		9385558922D6D09500C1AB0C /* XmlViewController.xml in Resources */ = {isa = PBXBuildFile; fileRef = 9385558822D6D09500C1AB0C /* XmlViewController.xml */; };
		939333C422EEB08C00DA614C /* SectionListViewController.xml in Resources */ = {isa = PBXBuildFile; fileRef = 939333C222EEB08C00DA614C /* SectionListViewController.xml */; };
		939333C522EEB08C00DA614C /* SectionListViewController.swift in Sources */ = {isa = PBXBuildFile; fileRef = 939333C322EEB08C00DA614C /* SectionListViewController.swift */; };
		939333C822EEB0B600DA614C /* SimpleListViewController.swift in Sources */ = {isa = PBXBuildFile; fileRef = 939333C622EEB0B600DA614C /* SimpleListViewController.swift */; };
		939333C922EEB0B600DA614C /* SimpleListViewController.xml in Resources */ = {isa = PBXBuildFile; fileRef = 939333C722EEB0B600DA614C /* SimpleListViewController.xml */; };
		939333CB22EEC19C00DA614C /* RowFlexViewController.swift in Sources */ = {isa = PBXBuildFile; fileRef = 939333CA22EEC19C00DA614C /* RowFlexViewController.swift */; };
		939333CD22EEC1AC00DA614C /* RowFlexViewController.xml in Resources */ = {isa = PBXBuildFile; fileRef = 939333CC22EEC1AC00DA614C /* RowFlexViewController.xml */; };
		939333D022EECBC900DA614C /* ColumnFlexViewController.swift in Sources */ = {isa = PBXBuildFile; fileRef = 939333CE22EECBC900DA614C /* ColumnFlexViewController.swift */; };
		939333D122EECBC900DA614C /* ColumnFlexViewController.xml in Resources */ = {isa = PBXBuildFile; fileRef = 939333CF22EECBC900DA614C /* ColumnFlexViewController.xml */; };
		939333D422EECD0700DA614C /* WrapFlexViewController.xml in Resources */ = {isa = PBXBuildFile; fileRef = 939333D222EECD0700DA614C /* WrapFlexViewController.xml */; };
		939333D522EECD0700DA614C /* WrapFlexViewController.swift in Sources */ = {isa = PBXBuildFile; fileRef = 939333D322EECD0700DA614C /* WrapFlexViewController.swift */; };
		939E271B22E5B6A500136A50 /* ListViewController.swift in Sources */ = {isa = PBXBuildFile; fileRef = 939E271A22E5B6A500136A50 /* ListViewController.swift */; };
		939E271D22E5B84F00136A50 /* ListViewController.xml in Resources */ = {isa = PBXBuildFile; fileRef = 939E271C22E5B84F00136A50 /* ListViewController.xml */; };
		93D391C422D8834300D2ED41 /* RedImageView.swift in Sources */ = {isa = PBXBuildFile; fileRef = 93D391C322D8834300D2ED41 /* RedImageView.swift */; };
		93D391C722D89C5000D2ED41 /* UserInfoView.swift in Sources */ = {isa = PBXBuildFile; fileRef = 93D391C622D89C5000D2ED41 /* UserInfoView.swift */; };
		93D391C922D89CAC00D2ED41 /* UserInfoView.xml in Resources */ = {isa = PBXBuildFile; fileRef = 93D391C822D89CAC00D2ED41 /* UserInfoView.xml */; };
		B5CEF03DB2D613A73D249D09 /* Pods_Petral_Tests.framework in Frameworks */ = {isa = PBXBuildFile; fileRef = 9E3B4D1625D4229886C76696 /* Pods_Petral_Tests.framework */; };
/* End PBXBuildFile section */

/* Begin PBXContainerItemProxy section */
		607FACE61AFB9204008FA782 /* PBXContainerItemProxy */ = {
			isa = PBXContainerItemProxy;
			containerPortal = 607FACC81AFB9204008FA782 /* Project object */;
			proxyType = 1;
			remoteGlobalIDString = 607FACCF1AFB9204008FA782;
			remoteInfo = Petral;
		};
/* End PBXContainerItemProxy section */

/* Begin PBXFileReference section */
		1AEDD4E3E60EFDD5B01DF3E2 /* Pods_Petral_Example.framework */ = {isa = PBXFileReference; explicitFileType = wrapper.framework; includeInIndex = 0; path = Pods_Petral_Example.framework; sourceTree = BUILT_PRODUCTS_DIR; };
		24BA59958FB01AB8215D610E /* Pods-Petral_Example.release.xcconfig */ = {isa = PBXFileReference; includeInIndex = 1; lastKnownFileType = text.xcconfig; name = "Pods-Petral_Example.release.xcconfig"; path = "Target Support Files/Pods-Petral_Example/Pods-Petral_Example.release.xcconfig"; sourceTree = "<group>"; };
		5CA1EFDD3EABE2EE7F004068 /* Pods-Petral_Tests.release.xcconfig */ = {isa = PBXFileReference; includeInIndex = 1; lastKnownFileType = text.xcconfig; name = "Pods-Petral_Tests.release.xcconfig"; path = "Target Support Files/Pods-Petral_Tests/Pods-Petral_Tests.release.xcconfig"; sourceTree = "<group>"; };
		5D8D50627A654C21A243CE85 /* README.md */ = {isa = PBXFileReference; includeInIndex = 1; lastKnownFileType = net.daringfireball.markdown; name = README.md; path = ../README.md; sourceTree = "<group>"; };
		607FACD01AFB9204008FA782 /* Petral_Example.app */ = {isa = PBXFileReference; explicitFileType = wrapper.application; includeInIndex = 0; path = Petral_Example.app; sourceTree = BUILT_PRODUCTS_DIR; };
		607FACD41AFB9204008FA782 /* Info.plist */ = {isa = PBXFileReference; lastKnownFileType = text.plist.xml; path = Info.plist; sourceTree = "<group>"; };
		607FACD51AFB9204008FA782 /* AppDelegate.swift */ = {isa = PBXFileReference; lastKnownFileType = sourcecode.swift; path = AppDelegate.swift; sourceTree = "<group>"; };
		607FACD71AFB9204008FA782 /* LayoutViewController.swift */ = {isa = PBXFileReference; lastKnownFileType = sourcecode.swift; path = LayoutViewController.swift; sourceTree = "<group>"; };
		607FACDA1AFB9204008FA782 /* Base */ = {isa = PBXFileReference; lastKnownFileType = file.storyboard; name = Base; path = Base.lproj/Main.storyboard; sourceTree = "<group>"; };
		607FACDC1AFB9204008FA782 /* Images.xcassets */ = {isa = PBXFileReference; lastKnownFileType = folder.assetcatalog; path = Images.xcassets; sourceTree = "<group>"; };
		607FACDF1AFB9204008FA782 /* Base */ = {isa = PBXFileReference; lastKnownFileType = file.xib; name = Base; path = Base.lproj/LaunchScreen.xib; sourceTree = "<group>"; };
		607FACE51AFB9204008FA782 /* Petral_Tests.xctest */ = {isa = PBXFileReference; explicitFileType = wrapper.cfbundle; includeInIndex = 0; path = Petral_Tests.xctest; sourceTree = BUILT_PRODUCTS_DIR; };
		607FACEA1AFB9204008FA782 /* Info.plist */ = {isa = PBXFileReference; lastKnownFileType = text.plist.xml; path = Info.plist; sourceTree = "<group>"; };
		607FACEB1AFB9204008FA782 /* Tests.swift */ = {isa = PBXFileReference; lastKnownFileType = sourcecode.swift; path = Tests.swift; sourceTree = "<group>"; };
		934ABD3A22CE204200D9392B /* Petral-UI.podspec */ = {isa = PBXFileReference; fileEncoding = 4; lastKnownFileType = text; name = "Petral-UI.podspec"; path = "../Petral-UI.podspec"; sourceTree = "<group>"; };
		934C527622EF0A3100BCA96E /* EmbedFlexViewController.xml */ = {isa = PBXFileReference; fileEncoding = 4; lastKnownFileType = text.xml; path = EmbedFlexViewController.xml; sourceTree = "<group>"; };
		934C527722EF0A3100BCA96E /* EmbedFlexViewController.swift */ = {isa = PBXFileReference; fileEncoding = 4; lastKnownFileType = sourcecode.swift; path = EmbedFlexViewController.swift; sourceTree = "<group>"; };
		934C527A22EF163C00BCA96E /* XmlLayoutViewController.swift */ = {isa = PBXFileReference; lastKnownFileType = sourcecode.swift; path = XmlLayoutViewController.swift; sourceTree = "<group>"; };
		934C527C22EF165300BCA96E /* XmlLayoutViewController.xml */ = {isa = PBXFileReference; lastKnownFileType = text.xml; path = XmlLayoutViewController.xml; sourceTree = "<group>"; };
		935262D022EFD6D900C563AA /* InjectXmlLayoutViewController.swift */ = {isa = PBXFileReference; fileEncoding = 4; lastKnownFileType = sourcecode.swift; path = InjectXmlLayoutViewController.swift; sourceTree = "<group>"; };
		935262D122EFD6D900C563AA /* InjectXmlLayoutViewController.xml */ = {isa = PBXFileReference; fileEncoding = 4; lastKnownFileType = text.xml; path = InjectXmlLayoutViewController.xml; sourceTree = "<group>"; };
		935262D422EFD75F00C563AA /* UserProfileView.swift */ = {isa = PBXFileReference; lastKnownFileType = sourcecode.swift; path = UserProfileView.swift; sourceTree = "<group>"; };
		935262D622EFD77000C563AA /* UserProfileView.xml */ = {isa = PBXFileReference; lastKnownFileType = text.xml; path = UserProfileView.xml; sourceTree = "<group>"; };
		935262DB22F0154000C563AA /* DataListViewController.xml */ = {isa = PBXFileReference; fileEncoding = 4; lastKnownFileType = text.xml; path = DataListViewController.xml; sourceTree = "<group>"; };
		935262DC22F0154000C563AA /* DataListViewController.swift */ = {isa = PBXFileReference; fileEncoding = 4; lastKnownFileType = sourcecode.swift; path = DataListViewController.swift; sourceTree = "<group>"; };
		935262E022F02FB400C563AA /* DataFlexViewController.swift */ = {isa = PBXFileReference; fileEncoding = 4; lastKnownFileType = sourcecode.swift; path = DataFlexViewController.swift; sourceTree = "<group>"; };
		935262E122F02FB400C563AA /* DataFlexViewController.xml */ = {isa = PBXFileReference; fileEncoding = 4; lastKnownFileType = text.xml; path = DataFlexViewController.xml; sourceTree = "<group>"; };
		935F4A2822EEA10600066323 /* ViewController.swift */ = {isa = PBXFileReference; lastKnownFileType = sourcecode.swift; path = ViewController.swift; sourceTree = "<group>"; };
		935F4A2A22EEA11C00066323 /* ViewController.xml */ = {isa = PBXFileReference; lastKnownFileType = text.xml; path = ViewController.xml; sourceTree = "<group>"; };
		936C907922DC358700C800D3 /* MyTableViewController.swift */ = {isa = PBXFileReference; lastKnownFileType = sourcecode.swift; path = MyTableViewController.swift; sourceTree = "<group>"; };
		936C907B22DC360D00C800D3 /* MyTableView.swift */ = {isa = PBXFileReference; lastKnownFileType = sourcecode.swift; path = MyTableView.swift; sourceTree = "<group>"; };
		936C907D22DC37FD00C800D3 /* MyTableViewCell.xml */ = {isa = PBXFileReference; lastKnownFileType = text.xml; path = MyTableViewCell.xml; sourceTree = "<group>"; };
		936C907F22DC516000C800D3 /* MyTableViewController.xml */ = {isa = PBXFileReference; lastKnownFileType = text.xml; path = MyTableViewController.xml; sourceTree = "<group>"; };
		9385558622D6D07B00C1AB0C /* XmlViewController.swift */ = {isa = PBXFileReference; lastKnownFileType = sourcecode.swift; path = XmlViewController.swift; sourceTree = "<group>"; };
		9385558822D6D09500C1AB0C /* XmlViewController.xml */ = {isa = PBXFileReference; lastKnownFileType = text.xml; path = XmlViewController.xml; sourceTree = "<group>"; };
		939333C222EEB08C00DA614C /* SectionListViewController.xml */ = {isa = PBXFileReference; fileEncoding = 4; lastKnownFileType = text.xml; path = SectionListViewController.xml; sourceTree = "<group>"; };
		939333C322EEB08C00DA614C /* SectionListViewController.swift */ = {isa = PBXFileReference; fileEncoding = 4; lastKnownFileType = sourcecode.swift; path = SectionListViewController.swift; sourceTree = "<group>"; };
		939333C622EEB0B600DA614C /* SimpleListViewController.swift */ = {isa = PBXFileReference; fileEncoding = 4; lastKnownFileType = sourcecode.swift; path = SimpleListViewController.swift; sourceTree = "<group>"; };
		939333C722EEB0B600DA614C /* SimpleListViewController.xml */ = {isa = PBXFileReference; fileEncoding = 4; lastKnownFileType = text.xml; path = SimpleListViewController.xml; sourceTree = "<group>"; };
		939333CA22EEC19C00DA614C /* RowFlexViewController.swift */ = {isa = PBXFileReference; lastKnownFileType = sourcecode.swift; path = RowFlexViewController.swift; sourceTree = "<group>"; };
		939333CC22EEC1AC00DA614C /* RowFlexViewController.xml */ = {isa = PBXFileReference; lastKnownFileType = text.xml; path = RowFlexViewController.xml; sourceTree = "<group>"; };
		939333CE22EECBC900DA614C /* ColumnFlexViewController.swift */ = {isa = PBXFileReference; fileEncoding = 4; lastKnownFileType = sourcecode.swift; path = ColumnFlexViewController.swift; sourceTree = "<group>"; };
		939333CF22EECBC900DA614C /* ColumnFlexViewController.xml */ = {isa = PBXFileReference; fileEncoding = 4; lastKnownFileType = text.xml; path = ColumnFlexViewController.xml; sourceTree = "<group>"; };
		939333D222EECD0700DA614C /* WrapFlexViewController.xml */ = {isa = PBXFileReference; fileEncoding = 4; lastKnownFileType = text.xml; path = WrapFlexViewController.xml; sourceTree = "<group>"; };
		939333D322EECD0700DA614C /* WrapFlexViewController.swift */ = {isa = PBXFileReference; fileEncoding = 4; lastKnownFileType = sourcecode.swift; path = WrapFlexViewController.swift; sourceTree = "<group>"; };
		939E271A22E5B6A500136A50 /* ListViewController.swift */ = {isa = PBXFileReference; lastKnownFileType = sourcecode.swift; path = ListViewController.swift; sourceTree = "<group>"; };
		939E271C22E5B84F00136A50 /* ListViewController.xml */ = {isa = PBXFileReference; lastKnownFileType = text.xml; path = ListViewController.xml; sourceTree = "<group>"; };
		93D391C322D8834300D2ED41 /* RedImageView.swift */ = {isa = PBXFileReference; lastKnownFileType = sourcecode.swift; path = RedImageView.swift; sourceTree = "<group>"; };
		93D391C622D89C5000D2ED41 /* UserInfoView.swift */ = {isa = PBXFileReference; lastKnownFileType = sourcecode.swift; path = UserInfoView.swift; sourceTree = "<group>"; };
		93D391C822D89CAC00D2ED41 /* UserInfoView.xml */ = {isa = PBXFileReference; lastKnownFileType = text.xml; path = UserInfoView.xml; sourceTree = "<group>"; };
		9E3B4D1625D4229886C76696 /* Pods_Petral_Tests.framework */ = {isa = PBXFileReference; explicitFileType = wrapper.framework; includeInIndex = 0; path = Pods_Petral_Tests.framework; sourceTree = BUILT_PRODUCTS_DIR; };
		AC52B27BD43A25096164CDE7 /* Pods-Petral_Tests.debug.xcconfig */ = {isa = PBXFileReference; includeInIndex = 1; lastKnownFileType = text.xcconfig; name = "Pods-Petral_Tests.debug.xcconfig"; path = "Target Support Files/Pods-Petral_Tests/Pods-Petral_Tests.debug.xcconfig"; sourceTree = "<group>"; };
		B5C4FFB7278C4DBBBE6E1E43 /* Pods-Petral_Example.debug.xcconfig */ = {isa = PBXFileReference; includeInIndex = 1; lastKnownFileType = text.xcconfig; name = "Pods-Petral_Example.debug.xcconfig"; path = "Target Support Files/Pods-Petral_Example/Pods-Petral_Example.debug.xcconfig"; sourceTree = "<group>"; };
		FE2F2319A1B20399BEF811B6 /* LICENSE */ = {isa = PBXFileReference; includeInIndex = 1; lastKnownFileType = text; name = LICENSE; path = ../LICENSE; sourceTree = "<group>"; };
/* End PBXFileReference section */

/* Begin PBXFrameworksBuildPhase section */
		607FACCD1AFB9204008FA782 /* Frameworks */ = {
			isa = PBXFrameworksBuildPhase;
			buildActionMask = 2147483647;
			files = (
				4CF74A1A2D16F0070BF185BC /* Pods_Petral_Example.framework in Frameworks */,
			);
			runOnlyForDeploymentPostprocessing = 0;
		};
		607FACE21AFB9204008FA782 /* Frameworks */ = {
			isa = PBXFrameworksBuildPhase;
			buildActionMask = 2147483647;
			files = (
				B5CEF03DB2D613A73D249D09 /* Pods_Petral_Tests.framework in Frameworks */,
			);
			runOnlyForDeploymentPostprocessing = 0;
		};
/* End PBXFrameworksBuildPhase section */

/* Begin PBXGroup section */
		607FACC71AFB9204008FA782 = {
			isa = PBXGroup;
			children = (
				607FACF51AFB993E008FA782 /* Podspec Metadata */,
				607FACD21AFB9204008FA782 /* Example for Petral */,
				607FACE81AFB9204008FA782 /* Tests */,
				607FACD11AFB9204008FA782 /* Products */,
				7495463C7721A7638986FE3C /* Pods */,
				D1AB2F5248FC9EB473E3DB85 /* Frameworks */,
			);
			sourceTree = "<group>";
		};
		607FACD11AFB9204008FA782 /* Products */ = {
			isa = PBXGroup;
			children = (
				607FACD01AFB9204008FA782 /* Petral_Example.app */,
				607FACE51AFB9204008FA782 /* Petral_Tests.xctest */,
			);
			name = Products;
			sourceTree = "<group>";
		};
		607FACD21AFB9204008FA782 /* Example for Petral */ = {
			isa = PBXGroup;
			children = (
				935F4A1C22EE9F6500066323 /* Demos */,
				939E271922E5B68B00136A50 /* List */,
				936C907822DC355700C800D3 /* Table */,
				9385558522D6D05700C1AB0C /* Xml */,
				607FACD51AFB9204008FA782 /* AppDelegate.swift */,
				607FACD91AFB9204008FA782 /* Main.storyboard */,
				607FACDC1AFB9204008FA782 /* Images.xcassets */,
				607FACDE1AFB9204008FA782 /* LaunchScreen.xib */,
				607FACD31AFB9204008FA782 /* Supporting Files */,
				935F4A2822EEA10600066323 /* ViewController.swift */,
				935F4A2A22EEA11C00066323 /* ViewController.xml */,
			);
			name = "Example for Petral";
			path = Petral;
			sourceTree = "<group>";
		};
		607FACD31AFB9204008FA782 /* Supporting Files */ = {
			isa = PBXGroup;
			children = (
				607FACD41AFB9204008FA782 /* Info.plist */,
			);
			name = "Supporting Files";
			sourceTree = "<group>";
		};
		607FACE81AFB9204008FA782 /* Tests */ = {
			isa = PBXGroup;
			children = (
				607FACEB1AFB9204008FA782 /* Tests.swift */,
				607FACE91AFB9204008FA782 /* Supporting Files */,
			);
			path = Tests;
			sourceTree = "<group>";
		};
		607FACE91AFB9204008FA782 /* Supporting Files */ = {
			isa = PBXGroup;
			children = (
				607FACEA1AFB9204008FA782 /* Info.plist */,
			);
			name = "Supporting Files";
			sourceTree = "<group>";
		};
		607FACF51AFB993E008FA782 /* Podspec Metadata */ = {
			isa = PBXGroup;
			children = (
				934ABD3A22CE204200D9392B /* Petral-UI.podspec */,
				5D8D50627A654C21A243CE85 /* README.md */,
				FE2F2319A1B20399BEF811B6 /* LICENSE */,
			);
			name = "Podspec Metadata";
			sourceTree = "<group>";
		};
		7495463C7721A7638986FE3C /* Pods */ = {
			isa = PBXGroup;
			children = (
				B5C4FFB7278C4DBBBE6E1E43 /* Pods-Petral_Example.debug.xcconfig */,
				24BA59958FB01AB8215D610E /* Pods-Petral_Example.release.xcconfig */,
				AC52B27BD43A25096164CDE7 /* Pods-Petral_Tests.debug.xcconfig */,
				5CA1EFDD3EABE2EE7F004068 /* Pods-Petral_Tests.release.xcconfig */,
			);
			path = Pods;
			sourceTree = "<group>";
		};
		935262CF22EFD68E00C563AA /* InjectXml */ = {
			isa = PBXGroup;
			children = (
				935262D022EFD6D900C563AA /* InjectXmlLayoutViewController.swift */,
				935262D122EFD6D900C563AA /* InjectXmlLayoutViewController.xml */,
				935262D422EFD75F00C563AA /* UserProfileView.swift */,
				935262D622EFD77000C563AA /* UserProfileView.xml */,
			);
			name = InjectXml;
			sourceTree = "<group>";
		};
		935262DA22F014F700C563AA /* DataList */ = {
			isa = PBXGroup;
			children = (
				935262DC22F0154000C563AA /* DataListViewController.swift */,
				935262DB22F0154000C563AA /* DataListViewController.xml */,
			);
			name = DataList;
			sourceTree = "<group>";
		};
		935262DF22F02F9D00C563AA /* DataFlex */ = {
			isa = PBXGroup;
			children = (
				935262E022F02FB400C563AA /* DataFlexViewController.swift */,
				935262E122F02FB400C563AA /* DataFlexViewController.xml */,
			);
			name = DataFlex;
			sourceTree = "<group>";
		};
		935F4A1C22EE9F6500066323 /* Demos */ = {
			isa = PBXGroup;
			children = (
				935F4A2422EEA0A200066323 /* Layout */,
				935F4A2222EE9FEA00066323 /* Xml */,
				935262CF22EFD68E00C563AA /* InjectXml */,
				935F4A1D22EE9F6A00066323 /* SimpleList */,
				935F4A1E22EE9F7500066323 /* SectionList */,
				935262DA22F014F700C563AA /* DataList */,
				935F4A1F22EE9F8700066323 /* RowFlex */,
				935F4A2022EE9F9500066323 /* ColumnFlex */,
				935F4A2122EE9F9D00066323 /* WrapFlex */,
				935F4A2322EEA07700066323 /* EmbedFlex */,
				935262DF22F02F9D00C563AA /* DataFlex */,
			);
			name = Demos;
			sourceTree = "<group>";
		};
		935F4A1D22EE9F6A00066323 /* SimpleList */ = {
			isa = PBXGroup;
			children = (
				939333C622EEB0B600DA614C /* SimpleListViewController.swift */,
				939333C722EEB0B600DA614C /* SimpleListViewController.xml */,
			);
			name = SimpleList;
			sourceTree = "<group>";
		};
		935F4A1E22EE9F7500066323 /* SectionList */ = {
			isa = PBXGroup;
			children = (
				939333C322EEB08C00DA614C /* SectionListViewController.swift */,
				939333C222EEB08C00DA614C /* SectionListViewController.xml */,
			);
			name = SectionList;
			sourceTree = "<group>";
		};
		935F4A1F22EE9F8700066323 /* RowFlex */ = {
			isa = PBXGroup;
			children = (
				939333CA22EEC19C00DA614C /* RowFlexViewController.swift */,
				939333CC22EEC1AC00DA614C /* RowFlexViewController.xml */,
			);
			name = RowFlex;
			sourceTree = "<group>";
		};
		935F4A2022EE9F9500066323 /* ColumnFlex */ = {
			isa = PBXGroup;
			children = (
				939333CE22EECBC900DA614C /* ColumnFlexViewController.swift */,
				939333CF22EECBC900DA614C /* ColumnFlexViewController.xml */,
			);
			name = ColumnFlex;
			sourceTree = "<group>";
		};
		935F4A2122EE9F9D00066323 /* WrapFlex */ = {
			isa = PBXGroup;
			children = (
				939333D322EECD0700DA614C /* WrapFlexViewController.swift */,
				939333D222EECD0700DA614C /* WrapFlexViewController.xml */,
			);
			name = WrapFlex;
			sourceTree = "<group>";
		};
		935F4A2222EE9FEA00066323 /* Xml */ = {
			isa = PBXGroup;
			children = (
				934C527A22EF163C00BCA96E /* XmlLayoutViewController.swift */,
				934C527C22EF165300BCA96E /* XmlLayoutViewController.xml */,
			);
			name = Xml;
			sourceTree = "<group>";
		};
		935F4A2322EEA07700066323 /* EmbedFlex */ = {
			isa = PBXGroup;
			children = (
				934C527722EF0A3100BCA96E /* EmbedFlexViewController.swift */,
				934C527622EF0A3100BCA96E /* EmbedFlexViewController.xml */,
			);
			name = EmbedFlex;
			sourceTree = "<group>";
		};
		935F4A2422EEA0A200066323 /* Layout */ = {
			isa = PBXGroup;
			children = (
				607FACD71AFB9204008FA782 /* LayoutViewController.swift */,
			);
			name = Layout;
			sourceTree = "<group>";
		};
		936C907822DC355700C800D3 /* Table */ = {
			isa = PBXGroup;
			children = (
				93A6437F22DC58D7009F323C /* View */,
				936C907922DC358700C800D3 /* MyTableViewController.swift */,
				936C907F22DC516000C800D3 /* MyTableViewController.xml */,
			);
			name = Table;
			sourceTree = "<group>";
		};
		9385558522D6D05700C1AB0C /* Xml */ = {
			isa = PBXGroup;
			children = (
				93D391C522D89C2F00D2ED41 /* View */,
				9385558622D6D07B00C1AB0C /* XmlViewController.swift */,
				9385558822D6D09500C1AB0C /* XmlViewController.xml */,
			);
			name = Xml;
			sourceTree = "<group>";
		};
		939E271922E5B68B00136A50 /* List */ = {
			isa = PBXGroup;
			children = (
				939E271A22E5B6A500136A50 /* ListViewController.swift */,
				939E271C22E5B84F00136A50 /* ListViewController.xml */,
			);
			name = List;
			sourceTree = "<group>";
		};
		93A6437F22DC58D7009F323C /* View */ = {
			isa = PBXGroup;
			children = (
				936C907B22DC360D00C800D3 /* MyTableView.swift */,
				936C907D22DC37FD00C800D3 /* MyTableViewCell.xml */,
			);
			name = View;
			sourceTree = "<group>";
		};
		93D391C522D89C2F00D2ED41 /* View */ = {
			isa = PBXGroup;
			children = (
				93D391C322D8834300D2ED41 /* RedImageView.swift */,
				93D391C622D89C5000D2ED41 /* UserInfoView.swift */,
				93D391C822D89CAC00D2ED41 /* UserInfoView.xml */,
			);
			name = View;
			sourceTree = "<group>";
		};
		D1AB2F5248FC9EB473E3DB85 /* Frameworks */ = {
			isa = PBXGroup;
			children = (
				1AEDD4E3E60EFDD5B01DF3E2 /* Pods_Petral_Example.framework */,
				9E3B4D1625D4229886C76696 /* Pods_Petral_Tests.framework */,
			);
			name = Frameworks;
			sourceTree = "<group>";
		};
/* End PBXGroup section */

/* Begin PBXNativeTarget section */
		607FACCF1AFB9204008FA782 /* Petral_Example */ = {
			isa = PBXNativeTarget;
			buildConfigurationList = 607FACEF1AFB9204008FA782 /* Build configuration list for PBXNativeTarget "Petral_Example" */;
			buildPhases = (
				7828BC550E7F4DF697E24CD6 /* [CP] Check Pods Manifest.lock */,
				607FACCC1AFB9204008FA782 /* Sources */,
				607FACCD1AFB9204008FA782 /* Frameworks */,
				607FACCE1AFB9204008FA782 /* Resources */,
				7FE1DC95BBA8750EFDE8F849 /* [CP] Embed Pods Frameworks */,
			);
			buildRules = (
			);
			dependencies = (
			);
			name = Petral_Example;
			productName = Petral;
			productReference = 607FACD01AFB9204008FA782 /* Petral_Example.app */;
			productType = "com.apple.product-type.application";
		};
		607FACE41AFB9204008FA782 /* Petral_Tests */ = {
			isa = PBXNativeTarget;
			buildConfigurationList = 607FACF21AFB9204008FA782 /* Build configuration list for PBXNativeTarget "Petral_Tests" */;
			buildPhases = (
				FB04E542E3F27BB95EA87BD1 /* [CP] Check Pods Manifest.lock */,
				607FACE11AFB9204008FA782 /* Sources */,
				607FACE21AFB9204008FA782 /* Frameworks */,
				607FACE31AFB9204008FA782 /* Resources */,
			);
			buildRules = (
			);
			dependencies = (
				607FACE71AFB9204008FA782 /* PBXTargetDependency */,
			);
			name = Petral_Tests;
			productName = Tests;
			productReference = 607FACE51AFB9204008FA782 /* Petral_Tests.xctest */;
			productType = "com.apple.product-type.bundle.unit-test";
		};
/* End PBXNativeTarget section */

/* Begin PBXProject section */
		607FACC81AFB9204008FA782 /* Project object */ = {
			isa = PBXProject;
			attributes = {
				LastSwiftUpdateCheck = 0830;
				LastUpgradeCheck = 0830;
				ORGANIZATIONNAME = CocoaPods;
				TargetAttributes = {
					607FACCF1AFB9204008FA782 = {
						CreatedOnToolsVersion = 6.3.1;
						LastSwiftMigration = 1020;
					};
					607FACE41AFB9204008FA782 = {
						CreatedOnToolsVersion = 6.3.1;
						LastSwiftMigration = 1020;
						TestTargetID = 607FACCF1AFB9204008FA782;
					};
				};
			};
			buildConfigurationList = 607FACCB1AFB9204008FA782 /* Build configuration list for PBXProject "Petral" */;
			compatibilityVersion = "Xcode 3.2";
			developmentRegion = English;
			hasScannedForEncodings = 0;
			knownRegions = (
				English,
				en,
				Base,
			);
			mainGroup = 607FACC71AFB9204008FA782;
			productRefGroup = 607FACD11AFB9204008FA782 /* Products */;
			projectDirPath = "";
			projectRoot = "";
			targets = (
				607FACCF1AFB9204008FA782 /* Petral_Example */,
				607FACE41AFB9204008FA782 /* Petral_Tests */,
			);
		};
/* End PBXProject section */

/* Begin PBXResourcesBuildPhase section */
		607FACCE1AFB9204008FA782 /* Resources */ = {
			isa = PBXResourcesBuildPhase;
			buildActionMask = 2147483647;
			files = (
				934C527D22EF165300BCA96E /* XmlLayoutViewController.xml in Resources */,
				939333C922EEB0B600DA614C /* SimpleListViewController.xml in Resources */,
				935F4A2B22EEA11C00066323 /* ViewController.xml in Resources */,
				939333D422EECD0700DA614C /* WrapFlexViewController.xml in Resources */,
				934ABD3B22CE204200D9392B /* Petral-UI.podspec in Resources */,
				936C907E22DC37FD00C800D3 /* MyTableViewCell.xml in Resources */,
				934C527822EF0A3200BCA96E /* EmbedFlexViewController.xml in Resources */,
				939333C422EEB08C00DA614C /* SectionListViewController.xml in Resources */,
				939333D122EECBC900DA614C /* ColumnFlexViewController.xml in Resources */,
				939333CD22EEC1AC00DA614C /* RowFlexViewController.xml in Resources */,
				935262DD22F0154000C563AA /* DataListViewController.xml in Resources */,
				939E271D22E5B84F00136A50 /* ListViewController.xml in Resources */,
				607FACDB1AFB9204008FA782 /* Main.storyboard in Resources */,
				607FACE01AFB9204008FA782 /* LaunchScreen.xib in Resources */,
				935262E322F02FB400C563AA /* DataFlexViewController.xml in Resources */,
				93D391C922D89CAC00D2ED41 /* UserInfoView.xml in Resources */,
				936C908022DC516000C800D3 /* MyTableViewController.xml in Resources */,
				935262D322EFD6D900C563AA /* InjectXmlLayoutViewController.xml in Resources */,
				9385558922D6D09500C1AB0C /* XmlViewController.xml in Resources */,
				935262D722EFD77000C563AA /* UserProfileView.xml in Resources */,
				607FACDD1AFB9204008FA782 /* Images.xcassets in Resources */,
			);
			runOnlyForDeploymentPostprocessing = 0;
		};
		607FACE31AFB9204008FA782 /* Resources */ = {
			isa = PBXResourcesBuildPhase;
			buildActionMask = 2147483647;
			files = (
			);
			runOnlyForDeploymentPostprocessing = 0;
		};
/* End PBXResourcesBuildPhase section */

/* Begin PBXShellScriptBuildPhase section */
		7828BC550E7F4DF697E24CD6 /* [CP] Check Pods Manifest.lock */ = {
			isa = PBXShellScriptBuildPhase;
			buildActionMask = 2147483647;
			files = (
			);
			inputPaths = (
				"${PODS_PODFILE_DIR_PATH}/Podfile.lock",
				"${PODS_ROOT}/Manifest.lock",
			);
			name = "[CP] Check Pods Manifest.lock";
			outputPaths = (
				"$(DERIVED_FILE_DIR)/Pods-Petral_Example-checkManifestLockResult.txt",
			);
			runOnlyForDeploymentPostprocessing = 0;
			shellPath = /bin/sh;
			shellScript = "diff \"${PODS_PODFILE_DIR_PATH}/Podfile.lock\" \"${PODS_ROOT}/Manifest.lock\" > /dev/null\nif [ $? != 0 ] ; then\n    # print error to STDERR\n    echo \"error: The sandbox is not in sync with the Podfile.lock. Run 'pod install' or update your CocoaPods installation.\" >&2\n    exit 1\nfi\n# This output is used by Xcode 'outputs' to avoid re-running this script phase.\necho \"SUCCESS\" > \"${SCRIPT_OUTPUT_FILE_0}\"\n";
			showEnvVarsInLog = 0;
		};
		7FE1DC95BBA8750EFDE8F849 /* [CP] Embed Pods Frameworks */ = {
			isa = PBXShellScriptBuildPhase;
			buildActionMask = 2147483647;
			files = (
			);
			inputPaths = (
				"${PODS_ROOT}/Target Support Files/Pods-Petral_Example/Pods-Petral_Example-frameworks.sh",
				"${BUILT_PRODUCTS_DIR}/Petral/Petral.framework",
			);
			name = "[CP] Embed Pods Frameworks";
			outputPaths = (
				"${TARGET_BUILD_DIR}/${FRAMEWORKS_FOLDER_PATH}/Petral.framework",
			);
			runOnlyForDeploymentPostprocessing = 0;
			shellPath = /bin/sh;
			shellScript = "\"${PODS_ROOT}/Target Support Files/Pods-Petral_Example/Pods-Petral_Example-frameworks.sh\"\n";
			showEnvVarsInLog = 0;
		};
		FB04E542E3F27BB95EA87BD1 /* [CP] Check Pods Manifest.lock */ = {
			isa = PBXShellScriptBuildPhase;
			buildActionMask = 2147483647;
			files = (
			);
			inputPaths = (
				"${PODS_PODFILE_DIR_PATH}/Podfile.lock",
				"${PODS_ROOT}/Manifest.lock",
			);
			name = "[CP] Check Pods Manifest.lock";
			outputPaths = (
				"$(DERIVED_FILE_DIR)/Pods-Petral_Tests-checkManifestLockResult.txt",
			);
			runOnlyForDeploymentPostprocessing = 0;
			shellPath = /bin/sh;
			shellScript = "diff \"${PODS_PODFILE_DIR_PATH}/Podfile.lock\" \"${PODS_ROOT}/Manifest.lock\" > /dev/null\nif [ $? != 0 ] ; then\n    # print error to STDERR\n    echo \"error: The sandbox is not in sync with the Podfile.lock. Run 'pod install' or update your CocoaPods installation.\" >&2\n    exit 1\nfi\n# This output is used by Xcode 'outputs' to avoid re-running this script phase.\necho \"SUCCESS\" > \"${SCRIPT_OUTPUT_FILE_0}\"\n";
			showEnvVarsInLog = 0;
		};
/* End PBXShellScriptBuildPhase section */

/* Begin PBXSourcesBuildPhase section */
		607FACCC1AFB9204008FA782 /* Sources */ = {
			isa = PBXSourcesBuildPhase;
			buildActionMask = 2147483647;
			files = (
				939333CB22EEC19C00DA614C /* RowFlexViewController.swift in Sources */,
				93D391C422D8834300D2ED41 /* RedImageView.swift in Sources */,
				934C527922EF0A3200BCA96E /* EmbedFlexViewController.swift in Sources */,
				939333D522EECD0700DA614C /* WrapFlexViewController.swift in Sources */,
				936C907A22DC358700C800D3 /* MyTableViewController.swift in Sources */,
				939333C522EEB08C00DA614C /* SectionListViewController.swift in Sources */,
				9385558722D6D07B00C1AB0C /* XmlViewController.swift in Sources */,
				935262D222EFD6D900C563AA /* InjectXmlLayoutViewController.swift in Sources */,
				607FACD81AFB9204008FA782 /* LayoutViewController.swift in Sources */,
				939333D022EECBC900DA614C /* ColumnFlexViewController.swift in Sources */,
				934C527B22EF163C00BCA96E /* XmlLayoutViewController.swift in Sources */,
				935262DE22F0154000C563AA /* DataListViewController.swift in Sources */,
				935262D522EFD75F00C563AA /* UserProfileView.swift in Sources */,
				607FACD61AFB9204008FA782 /* AppDelegate.swift in Sources */,
				936C907C22DC360D00C800D3 /* MyTableView.swift in Sources */,
				939E271B22E5B6A500136A50 /* ListViewController.swift in Sources */,
				939333C822EEB0B600DA614C /* SimpleListViewController.swift in Sources */,
				935F4A2922EEA10600066323 /* ViewController.swift in Sources */,
				93D391C722D89C5000D2ED41 /* UserInfoView.swift in Sources */,
				935262E222F02FB400C563AA /* DataFlexViewController.swift in Sources */,
			);
			runOnlyForDeploymentPostprocessing = 0;
		};
		607FACE11AFB9204008FA782 /* Sources */ = {
			isa = PBXSourcesBuildPhase;
			buildActionMask = 2147483647;
			files = (
				607FACEC1AFB9204008FA782 /* Tests.swift in Sources */,
			);
			runOnlyForDeploymentPostprocessing = 0;
		};
/* End PBXSourcesBuildPhase section */

/* Begin PBXTargetDependency section */
		607FACE71AFB9204008FA782 /* PBXTargetDependency */ = {
			isa = PBXTargetDependency;
			target = 607FACCF1AFB9204008FA782 /* Petral_Example */;
			targetProxy = 607FACE61AFB9204008FA782 /* PBXContainerItemProxy */;
		};
/* End PBXTargetDependency section */

/* Begin PBXVariantGroup section */
		607FACD91AFB9204008FA782 /* Main.storyboard */ = {
			isa = PBXVariantGroup;
			children = (
				607FACDA1AFB9204008FA782 /* Base */,
			);
			name = Main.storyboard;
			sourceTree = "<group>";
		};
		607FACDE1AFB9204008FA782 /* LaunchScreen.xib */ = {
			isa = PBXVariantGroup;
			children = (
				607FACDF1AFB9204008FA782 /* Base */,
			);
			name = LaunchScreen.xib;
			sourceTree = "<group>";
		};
/* End PBXVariantGroup section */

/* Begin XCBuildConfiguration section */
		607FACED1AFB9204008FA782 /* Debug */ = {
			isa = XCBuildConfiguration;
			buildSettings = {
				ALWAYS_SEARCH_USER_PATHS = NO;
				CLANG_CXX_LANGUAGE_STANDARD = "gnu++0x";
				CLANG_CXX_LIBRARY = "libc++";
				CLANG_ENABLE_MODULES = YES;
				CLANG_ENABLE_OBJC_ARC = YES;
				CLANG_WARN_BLOCK_CAPTURE_AUTORELEASING = YES;
				CLANG_WARN_BOOL_CONVERSION = YES;
				CLANG_WARN_COMMA = YES;
				CLANG_WARN_CONSTANT_CONVERSION = YES;
				CLANG_WARN_DIRECT_OBJC_ISA_USAGE = YES_ERROR;
				CLANG_WARN_EMPTY_BODY = YES;
				CLANG_WARN_ENUM_CONVERSION = YES;
				CLANG_WARN_INFINITE_RECURSION = YES;
				CLANG_WARN_INT_CONVERSION = YES;
				CLANG_WARN_NON_LITERAL_NULL_CONVERSION = YES;
				CLANG_WARN_OBJC_LITERAL_CONVERSION = YES;
				CLANG_WARN_OBJC_ROOT_CLASS = YES_ERROR;
				CLANG_WARN_RANGE_LOOP_ANALYSIS = YES;
				CLANG_WARN_STRICT_PROTOTYPES = YES;
				CLANG_WARN_SUSPICIOUS_MOVE = YES;
				CLANG_WARN_UNREACHABLE_CODE = YES;
				CLANG_WARN__DUPLICATE_METHOD_MATCH = YES;
				"CODE_SIGN_IDENTITY[sdk=iphoneos*]" = "iPhone Developer";
				COPY_PHASE_STRIP = NO;
				DEBUG_INFORMATION_FORMAT = "dwarf-with-dsym";
				ENABLE_STRICT_OBJC_MSGSEND = YES;
				ENABLE_TESTABILITY = YES;
				GCC_C_LANGUAGE_STANDARD = gnu99;
				GCC_DYNAMIC_NO_PIC = NO;
				GCC_NO_COMMON_BLOCKS = YES;
				GCC_OPTIMIZATION_LEVEL = 0;
				GCC_PREPROCESSOR_DEFINITIONS = (
					"DEBUG=1",
					"$(inherited)",
				);
				GCC_SYMBOLS_PRIVATE_EXTERN = NO;
				GCC_WARN_64_TO_32_BIT_CONVERSION = YES;
				GCC_WARN_ABOUT_RETURN_TYPE = YES_ERROR;
				GCC_WARN_UNDECLARED_SELECTOR = YES;
				GCC_WARN_UNINITIALIZED_AUTOS = YES_AGGRESSIVE;
				GCC_WARN_UNUSED_FUNCTION = YES;
				GCC_WARN_UNUSED_VARIABLE = YES;
				IPHONEOS_DEPLOYMENT_TARGET = 9.3;
				MTL_ENABLE_DEBUG_INFO = YES;
				ONLY_ACTIVE_ARCH = YES;
				SDKROOT = iphoneos;
				SWIFT_OPTIMIZATION_LEVEL = "-Onone";
			};
			name = Debug;
		};
		607FACEE1AFB9204008FA782 /* Release */ = {
			isa = XCBuildConfiguration;
			buildSettings = {
				ALWAYS_SEARCH_USER_PATHS = NO;
				CLANG_CXX_LANGUAGE_STANDARD = "gnu++0x";
				CLANG_CXX_LIBRARY = "libc++";
				CLANG_ENABLE_MODULES = YES;
				CLANG_ENABLE_OBJC_ARC = YES;
				CLANG_WARN_BLOCK_CAPTURE_AUTORELEASING = YES;
				CLANG_WARN_BOOL_CONVERSION = YES;
				CLANG_WARN_COMMA = YES;
				CLANG_WARN_CONSTANT_CONVERSION = YES;
				CLANG_WARN_DIRECT_OBJC_ISA_USAGE = YES_ERROR;
				CLANG_WARN_EMPTY_BODY = YES;
				CLANG_WARN_ENUM_CONVERSION = YES;
				CLANG_WARN_INFINITE_RECURSION = YES;
				CLANG_WARN_INT_CONVERSION = YES;
				CLANG_WARN_NON_LITERAL_NULL_CONVERSION = YES;
				CLANG_WARN_OBJC_LITERAL_CONVERSION = YES;
				CLANG_WARN_OBJC_ROOT_CLASS = YES_ERROR;
				CLANG_WARN_RANGE_LOOP_ANALYSIS = YES;
				CLANG_WARN_STRICT_PROTOTYPES = YES;
				CLANG_WARN_SUSPICIOUS_MOVE = YES;
				CLANG_WARN_UNREACHABLE_CODE = YES;
				CLANG_WARN__DUPLICATE_METHOD_MATCH = YES;
				"CODE_SIGN_IDENTITY[sdk=iphoneos*]" = "iPhone Developer";
				COPY_PHASE_STRIP = NO;
				DEBUG_INFORMATION_FORMAT = "dwarf-with-dsym";
				ENABLE_NS_ASSERTIONS = NO;
				ENABLE_STRICT_OBJC_MSGSEND = YES;
				GCC_C_LANGUAGE_STANDARD = gnu99;
				GCC_NO_COMMON_BLOCKS = YES;
				GCC_WARN_64_TO_32_BIT_CONVERSION = YES;
				GCC_WARN_ABOUT_RETURN_TYPE = YES_ERROR;
				GCC_WARN_UNDECLARED_SELECTOR = YES;
				GCC_WARN_UNINITIALIZED_AUTOS = YES_AGGRESSIVE;
				GCC_WARN_UNUSED_FUNCTION = YES;
				GCC_WARN_UNUSED_VARIABLE = YES;
				IPHONEOS_DEPLOYMENT_TARGET = 9.3;
				MTL_ENABLE_DEBUG_INFO = NO;
				SDKROOT = iphoneos;
				SWIFT_OPTIMIZATION_LEVEL = "-Owholemodule";
				VALIDATE_PRODUCT = YES;
			};
			name = Release;
		};
		607FACF01AFB9204008FA782 /* Debug */ = {
			isa = XCBuildConfiguration;
			baseConfigurationReference = B5C4FFB7278C4DBBBE6E1E43 /* Pods-Petral_Example.debug.xcconfig */;
			buildSettings = {
				ASSETCATALOG_COMPILER_APPICON_NAME = AppIcon;
				CLANG_ENABLE_MODULES = YES;
				INFOPLIST_FILE = Petral/Info.plist;
				LD_RUNPATH_SEARCH_PATHS = "$(inherited) @executable_path/Frameworks";
				MODULE_NAME = ExampleApp;
				PRODUCT_BUNDLE_IDENTIFIER = "org.cocoapods.demo.$(PRODUCT_NAME:rfc1034identifier)";
				PRODUCT_NAME = "$(TARGET_NAME)";
				SWIFT_OPTIMIZATION_LEVEL = "-Onone";
				SWIFT_SWIFT3_OBJC_INFERENCE = Default;
				SWIFT_VERSION = 4.0;
			};
			name = Debug;
		};
		607FACF11AFB9204008FA782 /* Release */ = {
			isa = XCBuildConfiguration;
			baseConfigurationReference = 24BA59958FB01AB8215D610E /* Pods-Petral_Example.release.xcconfig */;
			buildSettings = {
				ASSETCATALOG_COMPILER_APPICON_NAME = AppIcon;
				CLANG_ENABLE_MODULES = YES;
				INFOPLIST_FILE = Petral/Info.plist;
				LD_RUNPATH_SEARCH_PATHS = "$(inherited) @executable_path/Frameworks";
				MODULE_NAME = ExampleApp;
				PRODUCT_BUNDLE_IDENTIFIER = "org.cocoapods.demo.$(PRODUCT_NAME:rfc1034identifier)";
				PRODUCT_NAME = "$(TARGET_NAME)";
				SWIFT_SWIFT3_OBJC_INFERENCE = Default;
				SWIFT_VERSION = 4.0;
			};
			name = Release;
		};
		607FACF31AFB9204008FA782 /* Debug */ = {
			isa = XCBuildConfiguration;
			baseConfigurationReference = AC52B27BD43A25096164CDE7 /* Pods-Petral_Tests.debug.xcconfig */;
			buildSettings = {
				FRAMEWORK_SEARCH_PATHS = (
					"$(SDKROOT)/Developer/Library/Frameworks",
					"$(inherited)",
				);
				GCC_PREPROCESSOR_DEFINITIONS = (
					"DEBUG=1",
					"$(inherited)",
				);
				INFOPLIST_FILE = Tests/Info.plist;
				LD_RUNPATH_SEARCH_PATHS = "$(inherited) @executable_path/Frameworks @loader_path/Frameworks";
				PRODUCT_BUNDLE_IDENTIFIER = "org.cocoapods.$(PRODUCT_NAME:rfc1034identifier)";
				PRODUCT_NAME = "$(TARGET_NAME)";
				SWIFT_SWIFT3_OBJC_INFERENCE = Default;
				SWIFT_VERSION = 4.0;
				TEST_HOST = "$(BUILT_PRODUCTS_DIR)/Petral_Example.app/Petral_Example";
			};
			name = Debug;
		};
		607FACF41AFB9204008FA782 /* Release */ = {
			isa = XCBuildConfiguration;
			baseConfigurationReference = 5CA1EFDD3EABE2EE7F004068 /* Pods-Petral_Tests.release.xcconfig */;
			buildSettings = {
				FRAMEWORK_SEARCH_PATHS = (
					"$(SDKROOT)/Developer/Library/Frameworks",
					"$(inherited)",
				);
				INFOPLIST_FILE = Tests/Info.plist;
				LD_RUNPATH_SEARCH_PATHS = "$(inherited) @executable_path/Frameworks @loader_path/Frameworks";
				PRODUCT_BUNDLE_IDENTIFIER = "org.cocoapods.$(PRODUCT_NAME:rfc1034identifier)";
				PRODUCT_NAME = "$(TARGET_NAME)";
				SWIFT_SWIFT3_OBJC_INFERENCE = Default;
				SWIFT_VERSION = 4.0;
				TEST_HOST = "$(BUILT_PRODUCTS_DIR)/Petral_Example.app/Petral_Example";
			};
			name = Release;
		};
/* End XCBuildConfiguration section */

/* Begin XCConfigurationList section */
		607FACCB1AFB9204008FA782 /* Build configuration list for PBXProject "Petral" */ = {
			isa = XCConfigurationList;
			buildConfigurations = (
				607FACED1AFB9204008FA782 /* Debug */,
				607FACEE1AFB9204008FA782 /* Release */,
			);
			defaultConfigurationIsVisible = 0;
			defaultConfigurationName = Release;
		};
		607FACEF1AFB9204008FA782 /* Build configuration list for PBXNativeTarget "Petral_Example" */ = {
			isa = XCConfigurationList;
			buildConfigurations = (
				607FACF01AFB9204008FA782 /* Debug */,
				607FACF11AFB9204008FA782 /* Release */,
			);
			defaultConfigurationIsVisible = 0;
			defaultConfigurationName = Release;
		};
		607FACF21AFB9204008FA782 /* Build configuration list for PBXNativeTarget "Petral_Tests" */ = {
			isa = XCConfigurationList;
			buildConfigurations = (
				607FACF31AFB9204008FA782 /* Debug */,
				607FACF41AFB9204008FA782 /* Release */,
			);
			defaultConfigurationIsVisible = 0;
			defaultConfigurationName = Release;
		};
/* End XCConfigurationList section */
	};
	rootObject = 607FACC81AFB9204008FA782 /* Project object */;
}
